Microsoft Visual Studio Solution File, Format Version 12.00
# Visual Studio Version 17.0
#
# xmake version 2.9.3+dev.2b3aca5b6
#
#   This file is auto generated by xmake.
#
#   Please DO NOT EDIT since all your modification will lost after re-generation.
#   See https://github.com/xmake-io/xmake/pull/472 for more infomation.
#
VisualStudioVersion = 17.0
MinimumVisualStudioVersion = 10.0.40219.1
Project("{8BC9CEB8-8B4A-11D0-8D11-00A0C91BC942}") = "Mission Replay", "Mission Replay\Mission Replay.vcxproj", "{FEC49384-71BF-4DF0-92BD-44BE1CB6F419}"
EndProject
Project("{8BC9CEB8-8B4A-11D0-8D11-00A0C91BC942}") = "red4ext.sdk", "red4ext.sdk\red4ext.sdk.vcxproj", "{AC2436B6-1F0B-4171-A662-54CE8F80FCC0}"
EndProject
Project("{8BC9CEB8-8B4A-11D0-8D11-00A0C91BC942}") = "redlib", "redlib\redlib.vcxproj", "{026E9D55-4094-41D2-A5F1-85B8FD3AF7A6}"
EndProject

Project("{2150E333-8FDC-42A3-9474-1A3956D46DE8}") = "deps", "deps", "{B6FDC29B-81A7-435F-8053-62E65EBCF048}"
EndProject

Project("{2150E333-8FDC-42A3-9474-1A3956D46DE8}") = "Properties", "Properties", "{007754BD-BB1F-452F-A0D8-13EF216C5ED9}"
	ProjectSection(SolutionItems) = preProject
		Xmake.Custom.props = Xmake.Custom.props
		Xmake.Custom.targets = Xmake.Custom.targets
		..\xmake.lua = ..\xmake.lua
	EndProjectSection
EndProject
Global
	GlobalSection(SolutionConfigurationPlatforms) = preSolution
		release|x64 = release|x64
	EndGlobalSection
	GlobalSection(ProjectConfigurationPlatforms) = postSolution
		{FEC49384-71BF-4DF0-92BD-44BE1CB6F419}.release|x64.ActiveCfg = release|x64
		{FEC49384-71BF-4DF0-92BD-44BE1CB6F419}.release|x64.Build.0 = release|x64
		{AC2436B6-1F0B-4171-A662-54CE8F80FCC0}.release|x64.ActiveCfg = release|x64
		{026E9D55-4094-41D2-A5F1-85B8FD3AF7A6}.release|x64.ActiveCfg = release|x64
	EndGlobalSection
	GlobalSection(SolutionProperties) = preSolution
		HideSolutionNode = FALSE
	EndGlobalSection
	GlobalSection(NestedProjects) = preSolution
		{AC2436B6-1F0B-4171-A662-54CE8F80FCC0} = {B6FDC29B-81A7-435F-8053-62E65EBCF048}
		{026E9D55-4094-41D2-A5F1-85B8FD3AF7A6} = {B6FDC29B-81A7-435F-8053-62E65EBCF048}
	EndGlobalSection
	GlobalSection(ExtensibilityGlobals) = postSolution
		SolutionGuid = {9DC1856A-5835-4D12-9BB3-39027668CC3C}
	EndGlobalSection
EndGlobal
