<?xml version="1.0" encoding="utf-8"?>
<!--
xmake version 2.9.3+dev.2b3aca5b6

  This file is auto generated by xmake.

  Please DO NOT EDIT since all your modification will lost after re-generation.
  See https://github.com/xmake-io/xmake/pull/472 for more infomation.
-->
<Project ToolsVersion="4.0" xmlns="http://schemas.microsoft.com/developer/msbuild/2003">
  <ItemGroup>
    <Filter Include="Properties">
      <UniqueIdentifier>{CC7C6180-942D-056E-3227-E6A2B3FB19CD}</UniqueIdentifier>
    </Filter>
    <Filter Include="deps">
      <UniqueIdentifier>{10C11BEE-0221-4D02-951A-B7F3FB67EC05}</UniqueIdentifier>
    </Filter>
    <Filter Include="deps\redlib">
      <UniqueIdentifier>{6861B990-BC79-4428-90D8-37A24A5AFA96}</UniqueIdentifier>
    </Filter>
    <Filter Include="deps\redlib\include">
      <UniqueIdentifier>{A6583ED7-E323-4F21-8793-7DA646140AD4}</UniqueIdentifier>
    </Filter>
    <Filter Include="deps\redlib\include\Red">
      <UniqueIdentifier>{22EB7E19-6B84-451E-A5B3-0F495DA531A6}</UniqueIdentifier>
    </Filter>
    <Filter Include="deps\redlib\include\Red\Engine">
      <UniqueIdentifier>{863484F9-EBE3-4887-B6D4-599DFA439BB5}</UniqueIdentifier>
    </Filter>
    <Filter Include="deps\redlib\include\Red\Engine\Macros">
      <UniqueIdentifier>{5700AAF1-6385-4FDB-A01A-46E2B5AD561D}</UniqueIdentifier>
    </Filter>
    <Filter Include="deps\redlib\include\Red\TypeInfo">
      <UniqueIdentifier>{3F6F5B41-4AEB-423C-86A1-7592A3C34A9D}</UniqueIdentifier>
    </Filter>
    <Filter Include="deps\redlib\include\Red\TypeInfo\Macros">
      <UniqueIdentifier>{344BC75D-69F6-4A02-8199-3D5669DC345F}</UniqueIdentifier>
    </Filter>
    <Filter Include="deps\redlib\include\Red\Utils">
      <UniqueIdentifier>{0DC994DA-A4EA-4140-89B3-74ABF4FC0C42}</UniqueIdentifier>
    </Filter>
    <Filter Include="deps\redlib\vendor">
      <UniqueIdentifier>{BD839551-4605-416D-B3A7-619967D6C058}</UniqueIdentifier>
    </Filter>
    <Filter Include="deps\redlib\vendor\nameof">
      <UniqueIdentifier>{5F081DD4-3EA0-4797-B27E-0F2551682A30}</UniqueIdentifier>
    </Filter>

  </ItemGroup>
  <ItemGroup>
    <None Include="$(MSBuildProjectDirectory)\Xmake.Custom.props">
      <Filter>Properties</Filter>
    </None>
    <None Include="$(MSBuildProjectDirectory)\Xmake.Custom.targets">
      <Filter>Properties</Filter>
    </None>
    <None Include="$(MSBuildProjectDirectory)\Xmake.Custom.items">
      <Filter>Properties</Filter>
    </None>
    <None Include="$(MSBuildProjectDirectory)\Xmake.Custom.items.filters">
      <Filter>Properties</Filter>
    </None>
    <None Include="$(XmakeScriptDir)\xmake.lua">
      <Filter>Properties</Filter>
    </None>
  </ItemGroup>
  <ItemGroup>
    <ClInclude Include="$(XmakeProjectDir)\deps\redlib\include\RedLib.hpp">
      <Filter>deps\redlib\include</Filter>
    </ClInclude>
    <ClInclude Include="$(XmakeProjectDir)\deps\redlib\include\Red\Alias.hpp">
      <Filter>deps\redlib\include\Red</Filter>
    </ClInclude>
    <ClInclude Include="$(XmakeProjectDir)\deps\redlib\include\Red\Engine.hpp">
      <Filter>deps\redlib\include\Red</Filter>
    </ClInclude>
    <ClInclude Include="$(XmakeProjectDir)\deps\redlib\include\Red\Engine\Framework.hpp">
      <Filter>deps\redlib\include\Red\Engine</Filter>
    </ClInclude>
    <ClInclude Include="$(XmakeProjectDir)\deps\redlib\include\Red\Engine\LogChannel.hpp">
      <Filter>deps\redlib\include\Red\Engine</Filter>
    </ClInclude>
    <ClInclude Include="$(XmakeProjectDir)\deps\redlib\include\Red\Engine\Macros\Framework.hpp">
      <Filter>deps\redlib\include\Red\Engine\Macros</Filter>
    </ClInclude>
    <ClInclude Include="$(XmakeProjectDir)\deps\redlib\include\Red\Engine\Mappings.hpp">
      <Filter>deps\redlib\include\Red\Engine</Filter>
    </ClInclude>
    <ClInclude Include="$(XmakeProjectDir)\deps\redlib\include\Red\Specializations.hpp">
      <Filter>deps\redlib\include\Red</Filter>
    </ClInclude>
    <ClInclude Include="$(XmakeProjectDir)\deps\redlib\include\Red\TypeInfo.hpp">
      <Filter>deps\redlib\include\Red</Filter>
    </ClInclude>
    <ClInclude Include="$(XmakeProjectDir)\deps\redlib\include\Red\TypeInfo\Common.hpp">
      <Filter>deps\redlib\include\Red\TypeInfo</Filter>
    </ClInclude>
    <ClInclude Include="$(XmakeProjectDir)\deps\redlib\include\Red\TypeInfo\Construction.hpp">
      <Filter>deps\redlib\include\Red\TypeInfo</Filter>
    </ClInclude>
    <ClInclude Include="$(XmakeProjectDir)\deps\redlib\include\Red\TypeInfo\Definition.hpp">
      <Filter>deps\redlib\include\Red\TypeInfo</Filter>
    </ClInclude>
    <ClInclude Include="$(XmakeProjectDir)\deps\redlib\include\Red\TypeInfo\Invocation.hpp">
      <Filter>deps\redlib\include\Red\TypeInfo</Filter>
    </ClInclude>
    <ClInclude Include="$(XmakeProjectDir)\deps\redlib\include\Red\TypeInfo\Macros\Definition.hpp">
      <Filter>deps\redlib\include\Red\TypeInfo\Macros</Filter>
    </ClInclude>
    <ClInclude Include="$(XmakeProjectDir)\deps\redlib\include\Red\TypeInfo\Macros\Resolving.hpp">
      <Filter>deps\redlib\include\Red\TypeInfo\Macros</Filter>
    </ClInclude>
    <ClInclude Include="$(XmakeProjectDir)\deps\redlib\include\Red\TypeInfo\Mappings.hpp">
      <Filter>deps\redlib\include\Red\TypeInfo</Filter>
    </ClInclude>
    <ClInclude Include="$(XmakeProjectDir)\deps\redlib\include\Red\TypeInfo\Parameters.hpp">
      <Filter>deps\redlib\include\Red\TypeInfo</Filter>
    </ClInclude>
    <ClInclude Include="$(XmakeProjectDir)\deps\redlib\include\Red\TypeInfo\Registrar.hpp">
      <Filter>deps\redlib\include\Red\TypeInfo</Filter>
    </ClInclude>
    <ClInclude Include="$(XmakeProjectDir)\deps\redlib\include\Red\TypeInfo\Resolving.hpp">
      <Filter>deps\redlib\include\Red\TypeInfo</Filter>
    </ClInclude>
    <ClInclude Include="$(XmakeProjectDir)\deps\redlib\include\Red\Utils.hpp">
      <Filter>deps\redlib\include\Red</Filter>
    </ClInclude>
    <ClInclude Include="$(XmakeProjectDir)\deps\redlib\include\Red\Utils\Handles.hpp">
      <Filter>deps\redlib\include\Red\Utils</Filter>
    </ClInclude>
    <ClInclude Include="$(XmakeProjectDir)\deps\redlib\include\Red\Utils\JobQueues.hpp">
      <Filter>deps\redlib\include\Red\Utils</Filter>
    </ClInclude>
    <ClInclude Include="$(XmakeProjectDir)\deps\redlib\include\Red\Utils\Resources.hpp">
      <Filter>deps\redlib\include\Red\Utils</Filter>
    </ClInclude>
    <ClInclude Include="$(XmakeProjectDir)\deps\redlib\vendor\nameof\nameof.hpp">
      <Filter>deps\redlib\vendor\nameof</Filter>
    </ClInclude>


  </ItemGroup>
  <ItemGroup>




  </ItemGroup>
  <ItemGroup>

  </ItemGroup>
  <ItemGroup>




  </ItemGroup>
  <Import Condition="Exists('$(MSBuildThisFileDirectory)\Xmake.Custom.files.filters')"
    Project="$(MSBuildThisFileDirectory)\Xmake.Custom.files.filters" />
</Project>
