<?xml version="1.0" encoding="utf-8"?>
<!--
xmake version 2.9.3+dev.2b3aca5b6

  This file is auto generated by xmake.

  Please DO NOT EDIT since all your modification will lost after re-generation.
  See https://github.com/xmake-io/xmake/pull/472 for more infomation.
-->
<Project ToolsVersion="4.0" xmlns="http://schemas.microsoft.com/developer/msbuild/2003">
  <ItemGroup>
    <Filter Include="Properties">
      <UniqueIdentifier>{CC7C6180-942D-056E-3227-E6A2B3FB19CD}</UniqueIdentifier>
    </Filter>
    <Filter Include="src">
      <UniqueIdentifier>{491FBF00-292E-479F-8C8F-7A2AC045023A}</UniqueIdentifier>
    </Filter>
    <Filter Include="src\Comms">
      <UniqueIdentifier>{724C8095-FC82-4EC7-860C-A7CADE7D5187}</UniqueIdentifier>
    </Filter>
    <Filter Include="src\Config">
      <UniqueIdentifier>{C7EB59F3-DEEA-4F6D-933F-5E2857AE92F3}</UniqueIdentifier>
    </Filter>
    <Filter Include="src\Detail">
      <UniqueIdentifier>{EADA0917-29C6-4E0D-80FA-94F1B3E15BF2}</UniqueIdentifier>
    </Filter>
    <Filter Include="src\Hooks">
      <UniqueIdentifier>{A2313290-1C27-4325-977A-79593D7BF11C}</UniqueIdentifier>
    </Filter>
    <Filter Include="src\Hooks\Driver">
      <UniqueIdentifier>{F554D9C5-5B7B-418F-A954-D7D6EAFA1AA3}</UniqueIdentifier>
    </Filter>
    <Filter Include="src\Hooks\HookManager">
      <UniqueIdentifier>{561F4F74-C894-4E8E-91C0-D481E9021BE8}</UniqueIdentifier>
    </Filter>
    <Filter Include="src\Manager">
      <UniqueIdentifier>{948E3B3E-0A73-43CC-92D4-77E7AF167E2F}</UniqueIdentifier>
    </Filter>
    <Filter Include="src\Raw">
      <UniqueIdentifier>{2E2D5978-D1A2-464E-8823-1C40BE95DC9A}</UniqueIdentifier>
    </Filter>
    <Filter Include="src\Raw\Assert">
      <UniqueIdentifier>{EF6AF591-3899-498E-9BB4-014E374448FC}</UniqueIdentifier>
    </Filter>
    <Filter Include="src\Raw\GameDefinition">
      <UniqueIdentifier>{BEFF4CDE-AD7D-4515-8C30-4CAEA85DCC4B}</UniqueIdentifier>
    </Filter>
    <Filter Include="src\Raw\Ink">
      <UniqueIdentifier>{A0F899B4-2EF0-4EEA-85DE-9A06BE2B5386}</UniqueIdentifier>
    </Filter>
    <Filter Include="src\Raw\Quest">
      <UniqueIdentifier>{2B978E63-E289-40D0-8EED-E771A63B682C}</UniqueIdentifier>
    </Filter>
    <Filter Include="src\Session">
      <UniqueIdentifier>{FDE4979F-34A7-4075-853C-ABE3CD231EC9}</UniqueIdentifier>
    </Filter>
    <Filter Include="src\Util">
      <UniqueIdentifier>{30615C26-0A9D-42D9-A6F7-13B772D90DD8}</UniqueIdentifier>
    </Filter>

  </ItemGroup>
  <ItemGroup>
    <None Include="$(MSBuildProjectDirectory)\Xmake.Custom.props">
      <Filter>Properties</Filter>
    </None>
    <None Include="$(MSBuildProjectDirectory)\Xmake.Custom.targets">
      <Filter>Properties</Filter>
    </None>
    <None Include="$(MSBuildProjectDirectory)\Xmake.Custom.items">
      <Filter>Properties</Filter>
    </None>
    <None Include="$(MSBuildProjectDirectory)\Xmake.Custom.items.filters">
      <Filter>Properties</Filter>
    </None>
    <None Include="$(XmakeScriptDir)\xmake.lua">
      <Filter>Properties</Filter>
    </None>
  </ItemGroup>
  <ItemGroup>
    <ClInclude Include="$(XmakeProjectDir)\src\Comms\ReplayComms.hpp">
      <Filter>src\Comms</Filter>
    </ClInclude>
    <ClInclude Include="$(XmakeProjectDir)\src\Config\ProjectTemplate.hpp">
      <Filter>src\Config</Filter>
    </ClInclude>
    <ClInclude Include="$(XmakeProjectDir)\src\Detail\AddressHashes.hpp">
      <Filter>src\Detail</Filter>
    </ClInclude>
    <ClInclude Include="$(XmakeProjectDir)\src\Hooks\Driver\MinHookDriver.hpp">
      <Filter>src\Hooks\Driver</Filter>
    </ClInclude>
    <ClInclude Include="$(XmakeProjectDir)\src\Hooks\HookManager\HookDetail.hpp">
      <Filter>src\Hooks\HookManager</Filter>
    </ClInclude>
    <ClInclude Include="$(XmakeProjectDir)\src\Hooks\HookManager\HookManager.hpp">
      <Filter>src\Hooks\HookManager</Filter>
    </ClInclude>
    <ClInclude Include="$(XmakeProjectDir)\src\Manager\ReplayManager.hpp">
      <Filter>src\Manager</Filter>
    </ClInclude>
    <ClInclude Include="$(XmakeProjectDir)\src\Raw\Assert\AssertionFailed.hpp">
      <Filter>src\Raw\Assert</Filter>
    </ClInclude>
    <ClInclude Include="$(XmakeProjectDir)\src\Raw\GameDefinition\GameDefinition.hpp">
      <Filter>src\Raw\GameDefinition</Filter>
    </ClInclude>
    <ClInclude Include="$(XmakeProjectDir)\src\Raw\Ink\InkSystem.hpp">
      <Filter>src\Raw\Ink</Filter>
    </ClInclude>
    <ClInclude Include="$(XmakeProjectDir)\src\Raw\Quest\FactsDB.hpp">
      <Filter>src\Raw\Quest</Filter>
    </ClInclude>
    <ClInclude Include="$(XmakeProjectDir)\src\Raw\Quest\NodeFuncs.hpp">
      <Filter>src\Raw\Quest</Filter>
    </ClInclude>
    <ClInclude Include="$(XmakeProjectDir)\src\Session\SessionLoader.hpp">
      <Filter>src\Session</Filter>
    </ClInclude>
    <ClInclude Include="$(XmakeProjectDir)\src\Util\Core.hpp">
      <Filter>src\Util</Filter>
    </ClInclude>


  </ItemGroup>
  <ItemGroup>

    <ClCompile Include="$(XmakeProjectDir)\src\Comms\ReplayComms.cpp">
      <Filter>src\Comms</Filter>
    </ClCompile>
    <ClCompile Include="$(XmakeProjectDir)\src\Hooks\Driver\MinHookDriver.cpp">
      <Filter>src\Hooks\Driver</Filter>
    </ClCompile>
    <ClCompile Include="$(XmakeProjectDir)\src\Manager\ReplayManager.cpp">
      <Filter>src\Manager</Filter>
    </ClCompile>
    <ClCompile Include="$(XmakeProjectDir)\src\Raw\Ink\InkSystem.cpp">
      <Filter>src\Raw\Ink</Filter>
    </ClCompile>
    <ClCompile Include="$(XmakeProjectDir)\src\Session\SessionLoader.cpp">
      <Filter>src\Session</Filter>
    </ClCompile>
    <ClCompile Include="$(XmakeProjectDir)\src\main.cpp">
      <Filter>src</Filter>
    </ClCompile>



  </ItemGroup>
  <ItemGroup>

  </ItemGroup>
  <ItemGroup>
    <ResourceCompile Include="$(XmakeProjectDir)\src\Config\ProjectMetadata.rc">
      <Filter>src\Config</Filter>
    </ResourceCompile>




  </ItemGroup>
  <Import Condition="Exists('$(MSBuildThisFileDirectory)\Xmake.Custom.files.filters')"
    Project="$(MSBuildThisFileDirectory)\Xmake.Custom.files.filters" />
</Project>
